// !$*UTF8*$!
{
	archiveVersion = 1;
	classes = {
	};
	objectVersion = 50;
	objects = {

/* Begin PBXBuildFile section */
		274BBA2523FAE74A00A1755D /* AppDelegate.swift in Sources */ = {isa = PBXBuildFile; fileRef = 274BBA2423FAE74A00A1755D /* AppDelegate.swift */; };
		274BBA2723FAE74A00A1755D /* SceneDelegate.swift in Sources */ = {isa = PBXBuildFile; fileRef = 274BBA2623FAE74A00A1755D /* SceneDelegate.swift */; };
		274BBA2923FAE74A00A1755D /* ContentView.swift in Sources */ = {isa = PBXBuildFile; fileRef = 274BBA2823FAE74A00A1755D /* ContentView.swift */; };
		274BBA2B23FAE74B00A1755D /* Assets.xcassets in Resources */ = {isa = PBXBuildFile; fileRef = 274BBA2A23FAE74B00A1755D /* Assets.xcassets */; };
		274BBA2E23FAE74C00A1755D /* Preview Assets.xcassets in Resources */ = {isa = PBXBuildFile; fileRef = 274BBA2D23FAE74C00A1755D /* Preview Assets.xcassets */; };
		274BBA3123FAE74C00A1755D /* LaunchScreen.storyboard in Resources */ = {isa = PBXBuildFile; fileRef = 274BBA2F23FAE74C00A1755D /* LaunchScreen.storyboard */; };
		274BBA3C23FAE74C00A1755D /* Homework__1Tests.swift in Sources */ = {isa = PBXBuildFile; fileRef = 274BBA3B23FAE74C00A1755D /* Homework__1Tests.swift */; };
		274BBA4723FAE74C00A1755D /* Homework__1UITests.swift in Sources */ = {isa = PBXBuildFile; fileRef = 274BBA4623FAE74C00A1755D /* Homework__1UITests.swift */; };
/* End PBXBuildFile section */

/* Begin PBXContainerItemProxy section */
		274BBA3823FAE74C00A1755D /* PBXContainerItemProxy */ = {
			isa = PBXContainerItemProxy;
			containerPortal = 274BBA1923FAE74A00A1755D /* Project object */;
			proxyType = 1;
			remoteGlobalIDString = 274BBA2023FAE74A00A1755D;
			remoteInfo = "Homework #1";
		};
		274BBA4323FAE74C00A1755D /* PBXContainerItemProxy */ = {
			isa = PBXContainerItemProxy;
			containerPortal = 274BBA1923FAE74A00A1755D /* Project object */;
			proxyType = 1;
			remoteGlobalIDString = 274BBA2023FAE74A00A1755D;
			remoteInfo = "Homework #1";
		};
/* End PBXContainerItemProxy section */

/* Begin PBXFileReference section */
		274BBA2123FAE74A00A1755D /* Homework #1.app */ = {isa = PBXFileReference; explicitFileType = wrapper.application; includeInIndex = 0; path = "Homework #1.app"; sourceTree = BUILT_PRODUCTS_DIR; };
		274BBA2423FAE74A00A1755D /* AppDelegate.swift */ = {isa = PBXFileReference; lastKnownFileType = sourcecode.swift; path = AppDelegate.swift; sourceTree = "<group>"; };
		274BBA2623FAE74A00A1755D /* SceneDelegate.swift */ = {isa = PBXFileReference; lastKnownFileType = sourcecode.swift; path = SceneDelegate.swift; sourceTree = "<group>"; };
		274BBA2823FAE74A00A1755D /* ContentView.swift */ = {isa = PBXFileReference; lastKnownFileType = sourcecode.swift; path = ContentView.swift; sourceTree = "<group>"; };
		274BBA2A23FAE74B00A1755D /* Assets.xcassets */ = {isa = PBXFileReference; lastKnownFileType = folder.assetcatalog; path = Assets.xcassets; sourceTree = "<group>"; };
		274BBA2D23FAE74C00A1755D /* Preview Assets.xcassets */ = {isa = PBXFileReference; lastKnownFileType = folder.assetcatalog; path = "Preview Assets.xcassets"; sourceTree = "<group>"; };
		274BBA3023FAE74C00A1755D /* Base */ = {isa = PBXFileReference; lastKnownFileType = file.storyboard; name = Base; path = Base.lproj/LaunchScreen.storyboard; sourceTree = "<group>"; };
		274BBA3223FAE74C00A1755D /* Info.plist */ = {isa = PBXFileReference; lastKnownFileType = text.plist.xml; path = Info.plist; sourceTree = "<group>"; };
		274BBA3723FAE74C00A1755D /* Homework #1Tests.xctest */ = {isa = PBXFileReference; explicitFileType = wrapper.cfbundle; includeInIndex = 0; path = "Homework #1Tests.xctest"; sourceTree = BUILT_PRODUCTS_DIR; };
		274BBA3B23FAE74C00A1755D /* Homework__1Tests.swift */ = {isa = PBXFileReference; lastKnownFileType = sourcecode.swift; path = Homework__1Tests.swift; sourceTree = "<group>"; };
		274BBA3D23FAE74C00A1755D /* Info.plist */ = {isa = PBXFileReference; lastKnownFileType = text.plist.xml; path = Info.plist; sourceTree = "<group>"; };
		274BBA4223FAE74C00A1755D /* Homework #1UITests.xctest */ = {isa = PBXFileReference; explicitFileType = wrapper.cfbundle; includeInIndex = 0; path = "Homework #1UITests.xctest"; sourceTree = BUILT_PRODUCTS_DIR; };
		274BBA4623FAE74C00A1755D /* Homework__1UITests.swift */ = {isa = PBXFileReference; lastKnownFileType = sourcecode.swift; path = Homework__1UITests.swift; sourceTree = "<group>"; };
		274BBA4823FAE74C00A1755D /* Info.plist */ = {isa = PBXFileReference; lastKnownFileType = text.plist.xml; path = Info.plist; sourceTree = "<group>"; };
/* End PBXFileReference section */

/* Begin PBXFrameworksBuildPhase section */
		274BBA1E23FAE74A00A1755D /* Frameworks */ = {
			isa = PBXFrameworksBuildPhase;
			buildActionMask = 2147483647;
			files = (
			);
			runOnlyForDeploymentPostprocessing = 0;
		};
		274BBA3423FAE74C00A1755D /* Frameworks */ = {
			isa = PBXFrameworksBuildPhase;
			buildActionMask = 2147483647;
			files = (
			);
			runOnlyForDeploymentPostprocessing = 0;
		};
		274BBA3F23FAE74C00A1755D /* Frameworks */ = {
			isa = PBXFrameworksBuildPhase;
			buildActionMask = 2147483647;
			files = (
			);
			runOnlyForDeploymentPostprocessing = 0;
		};
/* End PBXFrameworksBuildPhase section */

/* Begin PBXGroup section */
		274BBA1823FAE74A00A1755D = {
			isa = PBXGroup;
			children = (
				274BBA2323FAE74A00A1755D /* Homework #1 */,
				274BBA3A23FAE74C00A1755D /* Homework #1Tests */,
				274BBA4523FAE74C00A1755D /* Homework #1UITests */,
				274BBA2223FAE74A00A1755D /* Products */,
			);
			sourceTree = "<group>";
		};
		274BBA2223FAE74A00A1755D /* Products */ = {
			isa = PBXGroup;
			children = (
				274BBA2123FAE74A00A1755D /* Homework #1.app */,
				274BBA3723FAE74C00A1755D /* Homework #1Tests.xctest */,
				274BBA4223FAE74C00A1755D /* Homework #1UITests.xctest */,
			);
			name = Products;
			sourceTree = "<group>";
		};
		274BBA2323FAE74A00A1755D /* Homework #1 */ = {
			isa = PBXGroup;
			children = (
				274BBA2423FAE74A00A1755D /* AppDelegate.swift */,
				274BBA2623FAE74A00A1755D /* SceneDelegate.swift */,
				274BBA2823FAE74A00A1755D /* ContentView.swift */,
				274BBA2A23FAE74B00A1755D /* Assets.xcassets */,
				274BBA2F23FAE74C00A1755D /* LaunchScreen.storyboard */,
				274BBA3223FAE74C00A1755D /* Info.plist */,
				274BBA2C23FAE74C00A1755D /* Preview Content */,
			);
			path = "Homework #1";
			sourceTree = "<group>";
		};
		274BBA2C23FAE74C00A1755D /* Preview Content */ = {
			isa = PBXGroup;
			children = (
				274BBA2D23FAE74C00A1755D /* Preview Assets.xcassets */,
			);
			path = "Preview Content";
			sourceTree = "<group>";
		};
		274BBA3A23FAE74C00A1755D /* Homework #1Tests */ = {
			isa = PBXGroup;
			children = (
				274BBA3B23FAE74C00A1755D /* Homework__1Tests.swift */,
				274BBA3D23FAE74C00A1755D /* Info.plist */,
			);
			path = "Homework #1Tests";
			sourceTree = "<group>";
		};
		274BBA4523FAE74C00A1755D /* Homework #1UITests */ = {
			isa = PBXGroup;
			children = (
				274BBA4623FAE74C00A1755D /* Homework__1UITests.swift */,
				274BBA4823FAE74C00A1755D /* Info.plist */,
			);
			path = "Homework #1UITests";
			sourceTree = "<group>";
		};
/* End PBXGroup section */

/* Begin PBXNativeTarget section */
		274BBA2023FAE74A00A1755D /* Homework #1 */ = {
			isa = PBXNativeTarget;
			buildConfigurationList = 274BBA4B23FAE74C00A1755D /* Build configuration list for PBXNativeTarget "Homework #1" */;
			buildPhases = (
				274BBA1D23FAE74A00A1755D /* Sources */,
				274BBA1E23FAE74A00A1755D /* Frameworks */,
				274BBA1F23FAE74A00A1755D /* Resources */,
			);
			buildRules = (
			);
			dependencies = (
			);
			name = "Homework #1";
			productName = "Homework #1";
			productReference = 274BBA2123FAE74A00A1755D /* Homework #1.app */;
			productType = "com.apple.product-type.application";
		};
		274BBA3623FAE74C00A1755D /* Homework #1Tests */ = {
			isa = PBXNativeTarget;
			buildConfigurationList = 274BBA4E23FAE74C00A1755D /* Build configuration list for PBXNativeTarget "Homework #1Tests" */;
			buildPhases = (
				274BBA3323FAE74C00A1755D /* Sources */,
				274BBA3423FAE74C00A1755D /* Frameworks */,
				274BBA3523FAE74C00A1755D /* Resources */,
			);
			buildRules = (
			);
			dependencies = (
				274BBA3923FAE74C00A1755D /* PBXTargetDependency */,
			);
			name = "Homework #1Tests";
			productName = "Homework #1Tests";
			productReference = 274BBA3723FAE74C00A1755D /* Homework #1Tests.xctest */;
			productType = "com.apple.product-type.bundle.unit-test";
		};
		274BBA4123FAE74C00A1755D /* Homework #1UITests */ = {
			isa = PBXNativeTarget;
			buildConfigurationList = 274BBA5123FAE74C00A1755D /* Build configuration list for PBXNativeTarget "Homework #1UITests" */;
			buildPhases = (
				274BBA3E23FAE74C00A1755D /* Sources */,
				274BBA3F23FAE74C00A1755D /* Frameworks */,
				274BBA4023FAE74C00A1755D /* Resources */,
			);
			buildRules = (
			);
			dependencies = (
				274BBA4423FAE74C00A1755D /* PBXTargetDependency */,
			);
			name = "Homework #1UITests";
			productName = "Homework #1UITests";
			productReference = 274BBA4223FAE74C00A1755D /* Homework #1UITests.xctest */;
			productType = "com.apple.product-type.bundle.ui-testing";
		};
/* End PBXNativeTarget section */

/* Begin PBXProject section */
		274BBA1923FAE74A00A1755D /* Project object */ = {
			isa = PBXProject;
			attributes = {
				LastSwiftUpdateCheck = 1130;
				LastUpgradeCheck = 1130;
				ORGANIZATIONNAME = "Ainsley Plumadore";
				TargetAttributes = {
					274BBA2023FAE74A00A1755D = {
						CreatedOnToolsVersion = 11.3.1;
					};
					274BBA3623FAE74C00A1755D = {
						CreatedOnToolsVersion = 11.3.1;
						TestTargetID = 274BBA2023FAE74A00A1755D;
					};
					274BBA4123FAE74C00A1755D = {
						CreatedOnToolsVersion = 11.3.1;
						TestTargetID = 274BBA2023FAE74A00A1755D;
					};
				};
			};
			buildConfigurationList = 274BBA1C23FAE74A00A1755D /* Build configuration list for PBXProject "Homework #1" */;
			compatibilityVersion = "Xcode 9.3";
			developmentRegion = en;
			hasScannedForEncodings = 0;
			knownRegions = (
				en,
				Base,
			);
			mainGroup = 274BBA1823FAE74A00A1755D;
			productRefGroup = 274BBA2223FAE74A00A1755D /* Products */;
			projectDirPath = "";
			projectRoot = "";
			targets = (
				274BBA2023FAE74A00A1755D /* Homework #1 */,
				274BBA3623FAE74C00A1755D /* Homework #1Tests */,
				274BBA4123FAE74C00A1755D /* Homework #1UITests */,
			);
		};
/* End PBXProject section */

/* Begin PBXResourcesBuildPhase section */
		274BBA1F23FAE74A00A1755D /* Resources */ = {
			isa = PBXResourcesBuildPhase;
			buildActionMask = 2147483647;
			files = (
				274BBA3123FAE74C00A1755D /* LaunchScreen.storyboard in Resources */,
				274BBA2E23FAE74C00A1755D /* Preview Assets.xcassets in Resources */,
				274BBA2B23FAE74B00A1755D /* Assets.xcassets in Resources */,
			);
			runOnlyForDeploymentPostprocessing = 0;
		};
		274BBA3523FAE74C00A1755D /* Resources */ = {
			isa = PBXResourcesBuildPhase;
			buildActionMask = 2147483647;
			files = (
			);
			runOnlyForDeploymentPostprocessing = 0;
		};
		274BBA4023FAE74C00A1755D /* Resources */ = {
			isa = PBXResourcesBuildPhase;
			buildActionMask = 2147483647;
			files = (
			);
			runOnlyForDeploymentPostprocessing = 0;
		};
/* End PBXResourcesBuildPhase section */

/* Begin PBXSourcesBuildPhase section */
		274BBA1D23FAE74A00A1755D /* Sources */ = {
			isa = PBXSourcesBuildPhase;
			buildActionMask = 2147483647;
			files = (
				274BBA2523FAE74A00A1755D /* AppDelegate.swift in Sources */,
				274BBA2723FAE74A00A1755D /* SceneDelegate.swift in Sources */,
				274BBA2923FAE74A00A1755D /* ContentView.swift in Sources */,
			);
			runOnlyForDeploymentPostprocessing = 0;
		};
		274BBA3323FAE74C00A1755D /* Sources */ = {
			isa = PBXSourcesBuildPhase;
			buildActionMask = 2147483647;
			files = (
				274BBA3C23FAE74C00A1755D /* Homework__1Tests.swift in Sources */,
			);
			runOnlyForDeploymentPostprocessing = 0;
		};
		274BBA3E23FAE74C00A1755D /* Sources */ = {
			isa = PBXSourcesBuildPhase;
			buildActionMask = 2147483647;
			files = (
				274BBA4723FAE74C00A1755D /* Homework__1UITests.swift in Sources */,
			);
			runOnlyForDeploymentPostprocessing = 0;
		};
/* End PBXSourcesBuildPhase section */

/* Begin PBXTargetDependency section */
		274BBA3923FAE74C00A1755D /* PBXTargetDependency */ = {
			isa = PBXTargetDependency;
			target = 274BBA2023FAE74A00A1755D /* Homework #1 */;
			targetProxy = 274BBA3823FAE74C00A1755D /* PBXContainerItemProxy */;
		};
		274BBA4423FAE74C00A1755D /* PBXTargetDependency */ = {
			isa = PBXTargetDependency;
			target = 274BBA2023FAE74A00A1755D /* Homework #1 */;
			targetProxy = 274BBA4323FAE74C00A1755D /* PBXContainerItemProxy */;
		};
/* End PBXTargetDependency section */

/* Begin PBXVariantGroup section */
		274BBA2F23FAE74C00A1755D /* LaunchScreen.storyboard */ = {
			isa = PBXVariantGroup;
			children = (
				274BBA3023FAE74C00A1755D /* Base */,
			);
			name = LaunchScreen.storyboard;
			sourceTree = "<group>";
		};
/* End PBXVariantGroup section */

/* Begin XCBuildConfiguration section */
		274BBA4923FAE74C00A1755D /* Debug */ = {
			isa = XCBuildConfiguration;
			buildSettings = {
				ALWAYS_SEARCH_USER_PATHS = NO;
				CLANG_ANALYZER_NONNULL = YES;
				CLANG_ANALYZER_NUMBER_OBJECT_CONVERSION = YES_AGGRESSIVE;
				CLANG_CXX_LANGUAGE_STANDARD = "gnu++14";
				CLANG_CXX_LIBRARY = "libc++";
				CLANG_ENABLE_MODULES = YES;
				CLANG_ENABLE_OBJC_ARC = YES;
				CLANG_ENABLE_OBJC_WEAK = YES;
				CLANG_WARN_BLOCK_CAPTURE_AUTORELEASING = YES;
				CLANG_WARN_BOOL_CONVERSION = YES;
				CLANG_WARN_COMMA = YES;
				CLANG_WARN_CONSTANT_CONVERSION = YES;
				CLANG_WARN_DEPRECATED_OBJC_IMPLEMENTATIONS = YES;
				CLANG_WARN_DIRECT_OBJC_ISA_USAGE = YES_ERROR;
				CLANG_WARN_DOCUMENTATION_COMMENTS = YES;
				CLANG_WARN_EMPTY_BODY = YES;
				CLANG_WARN_ENUM_CONVERSION = YES;
				CLANG_WARN_INFINITE_RECURSION = YES;
				CLANG_WARN_INT_CONVERSION = YES;
				CLANG_WARN_NON_LITERAL_NULL_CONVERSION = YES;
				CLANG_WARN_OBJC_IMPLICIT_RETAIN_SELF = YES;
				CLANG_WARN_OBJC_LITERAL_CONVERSION = YES;
				CLANG_WARN_OBJC_ROOT_CLASS = YES_ERROR;
				CLANG_WARN_RANGE_LOOP_ANALYSIS = YES;
				CLANG_WARN_STRICT_PROTOTYPES = YES;
				CLANG_WARN_SUSPICIOUS_MOVE = YES;
				CLANG_WARN_UNGUARDED_AVAILABILITY = YES_AGGRESSIVE;
				CLANG_WARN_UNREACHABLE_CODE = YES;
				CLANG_WARN__DUPLICATE_METHOD_MATCH = YES;
				COPY_PHASE_STRIP = NO;
				DEBUG_INFORMATION_FORMAT = dwarf;
				ENABLE_STRICT_OBJC_MSGSEND = YES;
				ENABLE_TESTABILITY = YES;
				GCC_C_LANGUAGE_STANDARD = gnu11;
				GCC_DYNAMIC_NO_PIC = NO;
				GCC_NO_COMMON_BLOCKS = YES;
				GCC_OPTIMIZATION_LEVEL = 0;
				GCC_PREPROCESSOR_DEFINITIONS = (
					"DEBUG=1",
					"$(inherited)",
				);
				GCC_WARN_64_TO_32_BIT_CONVERSION = YES;
				GCC_WARN_ABOUT_RETURN_TYPE = YES_ERROR;
				GCC_WARN_UNDECLARED_SELECTOR = YES;
				GCC_WARN_UNINITIALIZED_AUTOS = YES_AGGRESSIVE;
				GCC_WARN_UNUSED_FUNCTION = YES;
				GCC_WARN_UNUSED_VARIABLE = YES;
				IPHONEOS_DEPLOYMENT_TARGET = 13.2;
				MTL_ENABLE_DEBUG_INFO = INCLUDE_SOURCE;
				MTL_FAST_MATH = YES;
				ONLY_ACTIVE_ARCH = YES;
				SDKROOT = iphoneos;
				SWIFT_ACTIVE_COMPILATION_CONDITIONS = DEBUG;
				SWIFT_OPTIMIZATION_LEVEL = "-Onone";
			};
			name = Debug;
		};
		274BBA4A23FAE74C00A1755D /* Release */ = {
			isa = XCBuildConfiguration;
			buildSettings = {
				ALWAYS_SEARCH_USER_PATHS = NO;
				CLANG_ANALYZER_NONNULL = YES;
				CLANG_ANALYZER_NUMBER_OBJECT_CONVERSION = YES_AGGRESSIVE;
				CLANG_CXX_LANGUAGE_STANDARD = "gnu++14";
				CLANG_CXX_LIBRARY = "libc++";
				CLANG_ENABLE_MODULES = YES;
				CLANG_ENABLE_OBJC_ARC = YES;
				CLANG_ENABLE_OBJC_WEAK = YES;
				CLANG_WARN_BLOCK_CAPTURE_AUTORELEASING = YES;
				CLANG_WARN_BOOL_CONVERSION = YES;
				CLANG_WARN_COMMA = YES;
				CLANG_WARN_CONSTANT_CONVERSION = YES;
				CLANG_WARN_DEPRECATED_OBJC_IMPLEMENTATIONS = YES;
				CLANG_WARN_DIRECT_OBJC_ISA_USAGE = YES_ERROR;
				CLANG_WARN_DOCUMENTATION_COMMENTS = YES;
				CLANG_WARN_EMPTY_BODY = YES;
				CLANG_WARN_ENUM_CONVERSION = YES;
				CLANG_WARN_INFINITE_RECURSION = YES;
				CLANG_WARN_INT_CONVERSION = YES;
				CLANG_WARN_NON_LITERAL_NULL_CONVERSION = YES;
				CLANG_WARN_OBJC_IMPLICIT_RETAIN_SELF = YES;
				CLANG_WARN_OBJC_LITERAL_CONVERSION = YES;
				CLANG_WARN_OBJC_ROOT_CLASS = YES_ERROR;
				CLANG_WARN_RANGE_LOOP_ANALYSIS = YES;
				CLANG_WARN_STRICT_PROTOTYPES = YES;
				CLANG_WARN_SUSPICIOUS_MOVE = YES;
				CLANG_WARN_UNGUARDED_AVAILABILITY = YES_AGGRESSIVE;
				CLANG_WARN_UNREACHABLE_CODE = YES;
				CLANG_WARN__DUPLICATE_METHOD_MATCH = YES;
				COPY_PHASE_STRIP = NO;
				DEBUG_INFORMATION_FORMAT = "dwarf-with-dsym";
				ENABLE_NS_ASSERTIONS = NO;
				ENABLE_STRICT_OBJC_MSGSEND = YES;
				GCC_C_LANGUAGE_STANDARD = gnu11;
				GCC_NO_COMMON_BLOCKS = YES;
				GCC_WARN_64_TO_32_BIT_CONVERSION = YES;
				GCC_WARN_ABOUT_RETURN_TYPE = YES_ERROR;
				GCC_WARN_UNDECLARED_SELECTOR = YES;
				GCC_WARN_UNINITIALIZED_AUTOS = YES_AGGRESSIVE;
				GCC_WARN_UNUSED_FUNCTION = YES;
				GCC_WARN_UNUSED_VARIABLE = YES;
				IPHONEOS_DEPLOYMENT_TARGET = 13.2;
				MTL_ENABLE_DEBUG_INFO = NO;
				MTL_FAST_MATH = YES;
				SDKROOT = iphoneos;
				SWIFT_COMPILATION_MODE = wholemodule;
				SWIFT_OPTIMIZATION_LEVEL = "-O";
				VALIDATE_PRODUCT = YES;
			};
			name = Release;
		};
		274BBA4C23FAE74C00A1755D /* Debug */ = {
			isa = XCBuildConfiguration;
			buildSettings = {
				ASSETCATALOG_COMPILER_APPICON_NAME = AppIcon;
				CODE_SIGN_STYLE = Automatic;
				DEVELOPMENT_ASSET_PATHS = "\"Homework #1/Preview Content\"";
				DEVELOPMENT_TEAM = WK3P98B9Q9;
				ENABLE_PREVIEWS = YES;
				INFOPLIST_FILE = "Homework #1/Info.plist";
				LD_RUNPATH_SEARCH_PATHS = (
					"$(inherited)",
					"@executable_path/Frameworks",
				);
				PRODUCT_BUNDLE_IDENTIFIER = "AinsleyPlumadore.Homework--1";
				PRODUCT_NAME = "$(TARGET_NAME)";
				SWIFT_VERSION = 5.0;
				TARGETED_DEVICE_FAMILY = "1,2";
			};
			name = Debug;
		};
		274BBA4D23FAE74C00A1755D /* Release */ = {
			isa = XCBuildConfiguration;
			buildSettings = {
				ASSETCATALOG_COMPILER_APPICON_NAME = AppIcon;
				CODE_SIGN_STYLE = Automatic;
				DEVELOPMENT_ASSET_PATHS = "\"Homework #1/Preview Content\"";
				DEVELOPMENT_TEAM = WK3P98B9Q9;
				ENABLE_PREVIEWS = YES;
				INFOPLIST_FILE = "Homework #1/Info.plist";
				LD_RUNPATH_SEARCH_PATHS = (
					"$(inherited)",
					"@executable_path/Frameworks",
				);
				PRODUCT_BUNDLE_IDENTIFIER = "AinsleyPlumadore.Homework--1";
				PRODUCT_NAME = "$(TARGET_NAME)";
				SWIFT_VERSION = 5.0;
				TARGETED_DEVICE_FAMILY = "1,2";
			};
			name = Release;
		};
		274BBA4F23FAE74C00A1755D /* Debug */ = {
			isa = XCBuildConfiguration;
			buildSettings = {
				ALWAYS_EMBED_SWIFT_STANDARD_LIBRARIES = YES;
				BUNDLE_LOADER = "$(TEST_HOST)";
				CODE_SIGN_STYLE = Automatic;
				DEVELOPMENT_TEAM = WK3P98B9Q9;
				INFOPLIST_FILE = "Homework #1Tests/Info.plist";
				IPHONEOS_DEPLOYMENT_TARGET = 13.2;
				LD_RUNPATH_SEARCH_PATHS = (
					"$(inherited)",
					"@executable_path/Frameworks",
					"@loader_path/Frameworks",
				);
				PRODUCT_BUNDLE_IDENTIFIER = "AinsleyPlumadore.Homework--1Tests";
				PRODUCT_NAME = "$(TARGET_NAME)";
				SWIFT_VERSION = 5.0;
				TARGETED_DEVICE_FAMILY = "1,2";
				TEST_HOST = "$(BUILT_PRODUCTS_DIR)/Homework #1.app/Homework #1";
			};
			name = Debug;
		};
		274BBA5023FAE74C00A1755D /* Release */ = {
			isa = XCBuildConfiguration;
			buildSettings = {
				ALWAYS_EMBED_SWIFT_STANDARD_LIBRARIES = YES;
				BUNDLE_LOADER = "$(TEST_HOST)";
				CODE_SIGN_STYLE = Automatic;
				DEVELOPMENT_TEAM = WK3P98B9Q9;
				INFOPLIST_FILE = "Homework #1Tests/Info.plist";
				IPHONEOS_DEPLOYMENT_TARGET = 13.2;
				LD_RUNPATH_SEARCH_PATHS = (
					"$(inherited)",
					"@executable_path/Frameworks",
					"@loader_path/Frameworks",
				);
				PRODUCT_BUNDLE_IDENTIFIER = "AinsleyPlumadore.Homework--1Tests";
				PRODUCT_NAME = "$(TARGET_NAME)";
				SWIFT_VERSION = 5.0;
				TARGETED_DEVICE_FAMILY = "1,2";
				TEST_HOST = "$(BUILT_PRODUCTS_DIR)/Homework #1.app/Homework #1";
			};
			name = Release;
		};
		274BBA5223FAE74C00A1755D /* Debug */ = {
			isa = XCBuildConfiguration;
			buildSettings = {
				ALWAYS_EMBED_SWIFT_STANDARD_LIBRARIES = YES;
				CODE_SIGN_STYLE = Automatic;
				DEVELOPMENT_TEAM = WK3P98B9Q9;
				INFOPLIST_FILE = "Homework #1UITests/Info.plist";
				LD_RUNPATH_SEARCH_PATHS = (
					"$(inherited)",
					"@executable_path/Frameworks",
					"@loader_path/Frameworks",
				);
				PRODUCT_BUNDLE_IDENTIFIER = "AinsleyPlumadore.Homework--1UITests";
				PRODUCT_NAME = "$(TARGET_NAME)";
				SWIFT_VERSION = 5.0;
				TARGETED_DEVICE_FAMILY = "1,2";
				TEST_TARGET_NAME = "Homework #1";
			};
			name = Debug;
		};
		274BBA5323FAE74C00A1755D /* Release */ = {
			isa = XCBuildConfiguration;
			buildSettings = {
				ALWAYS_EMBED_SWIFT_STANDARD_LIBRARIES = YES;
				CODE_SIGN_STYLE = Automatic;
				DEVELOPMENT_TEAM = WK3P98B9Q9;
				INFOPLIST_FILE = "Homework #1UITests/Info.plist";
				LD_RUNPATH_SEARCH_PATHS = (
					"$(inherited)",
					"@executable_path/Frameworks",
					"@loader_path/Frameworks",
				);
				PRODUCT_BUNDLE_IDENTIFIER = "AinsleyPlumadore.Homework--1UITests";
				PRODUCT_NAME = "$(TARGET_NAME)";
				SWIFT_VERSION = 5.0;
				TARGETED_DEVICE_FAMILY = "1,2";
				TEST_TARGET_NAME = "Homework #1";
			};
			name = Release;
		};
/* End XCBuildConfiguration section */

/* Begin XCConfigurationList section */
		274BBA1C23FAE74A00A1755D /* Build configuration list for PBXProject "Homework #1" */ = {
			isa = XCConfigurationList;
			buildConfigurations = (
				274BBA4923FAE74C00A1755D /* Debug */,
				274BBA4A23FAE74C00A1755D /* Release */,
			);
			defaultConfigurationIsVisible = 0;
			defaultConfigurationName = Release;
		};
		274BBA4B23FAE74C00A1755D /* Build configuration list for PBXNativeTarget "Homework #1" */ = {
			isa = XCConfigurationList;
			buildConfigurations = (
				274BBA4C23FAE74C00A1755D /* Debug */,
				274BBA4D23FAE74C00A1755D /* Release */,
			);
			defaultConfigurationIsVisible = 0;
			defaultConfigurationName = Release;
		};
		274BBA4E23FAE74C00A1755D /* Build configuration list for PBXNativeTarget "Homework #1Tests" */ = {
			isa = XCConfigurationList;
			buildConfigurations = (
				274BBA4F23FAE74C00A1755D /* Debug */,
				274BBA5023FAE74C00A1755D /* Release */,
			);
			defaultConfigurationIsVisible = 0;
			defaultConfigurationName = Release;
		};
		274BBA5123FAE74C00A1755D /* Build configuration list for PBXNativeTarget "Homework #1UITests" */ = {
			isa = XCConfigurationList;
			buildConfigurations = (
				274BBA5223FAE74C00A1755D /* Debug */,
				274BBA5323FAE74C00A1755D /* Release */,
			);
			defaultConfigurationIsVisible = 0;
			defaultConfigurationName = Release;
		};
/* End XCConfigurationList section */
	};
	rootObject = 274BBA1923FAE74A00A1755D /* Project object */;
}
